
Microsoft Visual Studio Solution File, Format Version 12.00
# Visual Studio Version 16
VisualStudioVersion = 16.0.33328.57
MinimumVisualStudioVersion = 10.0.40219.1
Project("{FAE04EC0-301F-11D3-BF4B-00C04F79EFBC}") = "Paint", "Paint\Paint.csproj", "{434F7347-135E-45D3-85CF-13378ECBCA98}"
EndProject
Global
	GlobalSection(SolutionConfigurationPlatforms) = preSolution
		Debug|Any CPU = Debug|Any CPU
		Release|Any CPU = Release|Any CPU
	EndGlobalSection
	GlobalSection(ProjectConfigurationPlatforms) = postSolution
		{434F7347-135E-45D3-85CF-13378ECBCA98}.Debug|Any CPU.ActiveCfg = Debug|Any CPU
		{434F7347-135E-45D3-85CF-13378ECBCA98}.Debug|Any CPU.Build.0 = Debug|Any CPU
		{434F7347-135E-45D3-85CF-13378ECBCA98}.Release|Any CPU.ActiveCfg = Release|Any CPU
		{434F7347-135E-45D3-85CF-13378ECBCA98}.Release|Any CPU.Build.0 = Release|Any CPU
	EndGlobalSection
	GlobalSection(SolutionProperties) = preSolution
		HideSolutionNode = FALSE
	EndGlobalSection
	GlobalSection(ExtensibilityGlobals) = postSolution
		SolutionGuid = {B9730C7A-7366-46A2-9314-2DE1BA129008}
	EndGlobalSection
EndGlobal
